
Microsoft Visual Studio Solution File, Format Version 12.00
# Visual Studio Version 17
VisualStudioVersion = 17.0.31903.59
MinimumVisualStudioVersion = 10.0.40219.1
Project("{FAE04EC0-301F-11D3-BF4B-00C04F79EFBC}") = "WanderSync.Api", "WanderSync.Api\WanderSync.Api.csproj", "{0A1D74DE-EC36-442B-B6E9-EBA60F994ADD}"
EndProject
Project("{FAE04EC0-301F-11D3-BF4B-00C04F79EFBC}") = "WanderSync.Application", "WanderSync.Application\WanderSync.Application.csproj", "{CC053237-90CE-4DA1-A0C8-E9855EAF776D}"
EndProject
Project("{FAE04EC0-301F-11D3-BF4B-00C04F79EFBC}") = "WanderSync.Domain", "WanderSync.Domain\WanderSync.Domain.csproj", "{AF7820B4-970C-4BF9-B066-916C519795F1}"
EndProject
Project("{FAE04EC0-301F-11D3-BF4B-00C04F79EFBC}") = "WanderSync.Infrastructure", "WanderSync.Infrastructure\WanderSync.Infrastructure.csproj", "{92C078F4-4F85-4A89-89DB-ACE80EAD3C71}"
EndProject
Project("{FAE04EC0-301F-11D3-BF4B-00C04F79EFBC}") = "WanderSync.Tests", "WanderSync.Tests\WanderSync.Tests.csproj", "{EA4A42FD-2627-486C-A631-1775D3BBE0D8}"
EndProject
Global
	GlobalSection(SolutionConfigurationPlatforms) = preSolution
		Debug|Any CPU = Debug|Any CPU
		Debug|x64 = Debug|x64
		Debug|x86 = Debug|x86
		Release|Any CPU = Release|Any CPU
		Release|x64 = Release|x64
		Release|x86 = Release|x86
	EndGlobalSection
	GlobalSection(ProjectConfigurationPlatforms) = postSolution
		{0A1D74DE-EC36-442B-B6E9-EBA60F994ADD}.Debug|Any CPU.ActiveCfg = Debug|Any CPU
		{0A1D74DE-EC36-442B-B6E9-EBA60F994ADD}.Debug|Any CPU.Build.0 = Debug|Any CPU
		{0A1D74DE-EC36-442B-B6E9-EBA60F994ADD}.Debug|x64.ActiveCfg = Debug|Any CPU
		{0A1D74DE-EC36-442B-B6E9-EBA60F994ADD}.Debug|x64.Build.0 = Debug|Any CPU
		{0A1D74DE-EC36-442B-B6E9-EBA60F994ADD}.Debug|x86.ActiveCfg = Debug|Any CPU
		{0A1D74DE-EC36-442B-B6E9-EBA60F994ADD}.Debug|x86.Build.0 = Debug|Any CPU
		{0A1D74DE-EC36-442B-B6E9-EBA60F994ADD}.Release|Any CPU.ActiveCfg = Release|Any CPU
		{0A1D74DE-EC36-442B-B6E9-EBA60F994ADD}.Release|Any CPU.Build.0 = Release|Any CPU
		{0A1D74DE-EC36-442B-B6E9-EBA60F994ADD}.Release|x64.ActiveCfg = Release|Any CPU
		{0A1D74DE-EC36-442B-B6E9-EBA60F994ADD}.Release|x64.Build.0 = Release|Any CPU
		{0A1D74DE-EC36-442B-B6E9-EBA60F994ADD}.Release|x86.ActiveCfg = Release|Any CPU
		{0A1D74DE-EC36-442B-B6E9-EBA60F994ADD}.Release|x86.Build.0 = Release|Any CPU
		{CC053237-90CE-4DA1-A0C8-E9855EAF776D}.Debug|Any CPU.ActiveCfg = Debug|Any CPU
		{CC053237-90CE-4DA1-A0C8-E9855EAF776D}.Debug|Any CPU.Build.0 = Debug|Any CPU
		{CC053237-90CE-4DA1-A0C8-E9855EAF776D}.Debug|x64.ActiveCfg = Debug|Any CPU
		{CC053237-90CE-4DA1-A0C8-E9855EAF776D}.Debug|x64.Build.0 = Debug|Any CPU
		{CC053237-90CE-4DA1-A0C8-E9855EAF776D}.Debug|x86.ActiveCfg = Debug|Any CPU
		{CC053237-90CE-4DA1-A0C8-E9855EAF776D}.Debug|x86.Build.0 = Debug|Any CPU
		{CC053237-90CE-4DA1-A0C8-E9855EAF776D}.Release|Any CPU.ActiveCfg = Release|Any CPU
		{CC053237-90CE-4DA1-A0C8-E9855EAF776D}.Release|Any CPU.Build.0 = Release|Any CPU
		{CC053237-90CE-4DA1-A0C8-E9855EAF776D}.Release|x64.ActiveCfg = Release|Any CPU
		{CC053237-90CE-4DA1-A0C8-E9855EAF776D}.Release|x64.Build.0 = Release|Any CPU
		{CC053237-90CE-4DA1-A0C8-E9855EAF776D}.Release|x86.ActiveCfg = Release|Any CPU
		{CC053237-90CE-4DA1-A0C8-E9855EAF776D}.Release|x86.Build.0 = Release|Any CPU
		{AF7820B4-970C-4BF9-B066-916C519795F1}.Debug|Any CPU.ActiveCfg = Debug|Any CPU
		{AF7820B4-970C-4BF9-B066-916C519795F1}.Debug|Any CPU.Build.0 = Debug|Any CPU
		{AF7820B4-970C-4BF9-B066-916C519795F1}.Debug|x64.ActiveCfg = Debug|Any CPU
		{AF7820B4-970C-4BF9-B066-916C519795F1}.Debug|x64.Build.0 = Debug|Any CPU
		{AF7820B4-970C-4BF9-B066-916C519795F1}.Debug|x86.ActiveCfg = Debug|Any CPU
		{AF7820B4-970C-4BF9-B066-916C519795F1}.Debug|x86.Build.0 = Debug|Any CPU
		{AF7820B4-970C-4BF9-B066-916C519795F1}.Release|Any CPU.ActiveCfg = Release|Any CPU
		{AF7820B4-970C-4BF9-B066-916C519795F1}.Release|Any CPU.Build.0 = Release|Any CPU
		{AF7820B4-970C-4BF9-B066-916C519795F1}.Release|x64.ActiveCfg = Release|Any CPU
		{AF7820B4-970C-4BF9-B066-916C519795F1}.Release|x64.Build.0 = Release|Any CPU
		{AF7820B4-970C-4BF9-B066-916C519795F1}.Release|x86.ActiveCfg = Release|Any CPU
		{AF7820B4-970C-4BF9-B066-916C519795F1}.Release|x86.Build.0 = Release|Any CPU
		{92C078F4-4F85-4A89-89DB-ACE80EAD3C71}.Debug|Any CPU.ActiveCfg = Debug|Any CPU
		{92C078F4-4F85-4A89-89DB-ACE80EAD3C71}.Debug|Any CPU.Build.0 = Debug|Any CPU
		{92C078F4-4F85-4A89-89DB-ACE80EAD3C71}.Debug|x64.ActiveCfg = Debug|Any CPU
		{92C078F4-4F85-4A89-89DB-ACE80EAD3C71}.Debug|x64.Build.0 = Debug|Any CPU
		{92C078F4-4F85-4A89-89DB-ACE80EAD3C71}.Debug|x86.ActiveCfg = Debug|Any CPU
		{92C078F4-4F85-4A89-89DB-ACE80EAD3C71}.Debug|x86.Build.0 = Debug|Any CPU
		{92C078F4-4F85-4A89-89DB-ACE80EAD3C71}.Release|Any CPU.ActiveCfg = Release|Any CPU
		{92C078F4-4F85-4A89-89DB-ACE80EAD3C71}.Release|Any CPU.Build.0 = Release|Any CPU
		{92C078F4-4F85-4A89-89DB-ACE80EAD3C71}.Release|x64.ActiveCfg = Release|Any CPU
		{92C078F4-4F85-4A89-89DB-ACE80EAD3C71}.Release|x64.Build.0 = Release|Any CPU
		{92C078F4-4F85-4A89-89DB-ACE80EAD3C71}.Release|x86.ActiveCfg = Release|Any CPU
		{92C078F4-4F85-4A89-89DB-ACE80EAD3C71}.Release|x86.Build.0 = Release|Any CPU
		{EA4A42FD-2627-486C-A631-1775D3BBE0D8}.Debug|Any CPU.ActiveCfg = Debug|Any CPU
		{EA4A42FD-2627-486C-A631-1775D3BBE0D8}.Debug|Any CPU.Build.0 = Debug|Any CPU
		{EA4A42FD-2627-486C-A631-1775D3BBE0D8}.Debug|x64.ActiveCfg = Debug|Any CPU
		{EA4A42FD-2627-486C-A631-1775D3BBE0D8}.Debug|x64.Build.0 = Debug|Any CPU
		{EA4A42FD-2627-486C-A631-1775D3BBE0D8}.Debug|x86.ActiveCfg = Debug|Any CPU
		{EA4A42FD-2627-486C-A631-1775D3BBE0D8}.Debug|x86.Build.0 = Debug|Any CPU
		{EA4A42FD-2627-486C-A631-1775D3BBE0D8}.Release|Any CPU.ActiveCfg = Release|Any CPU
		{EA4A42FD-2627-486C-A631-1775D3BBE0D8}.Release|Any CPU.Build.0 = Release|Any CPU
		{EA4A42FD-2627-486C-A631-1775D3BBE0D8}.Release|x64.ActiveCfg = Release|Any CPU
		{EA4A42FD-2627-486C-A631-1775D3BBE0D8}.Release|x64.Build.0 = Release|Any CPU
		{EA4A42FD-2627-486C-A631-1775D3BBE0D8}.Release|x86.ActiveCfg = Release|Any CPU
		{EA4A42FD-2627-486C-A631-1775D3BBE0D8}.Release|x86.Build.0 = Release|Any CPU
	EndGlobalSection
	GlobalSection(SolutionProperties) = preSolution
		HideSolutionNode = FALSE
	EndGlobalSection
EndGlobal
